{
    "name": "php-lanaguage-server-protocol",
    "version": "1.0.0",
    "lockfileVersion": 2,
    "requires": true,
    "packages": {
        "": {
            "name": "php-lanaguage-server-protocol",
            "version": "1.0.0",
            "license": "MIT",
            "dependencies": {
                "@types/node": "^14.0.13",
                "inflect": "^0.4.1",
                "typescript-parser": "^2.6.1",
                "vscode-languageserver-protocol": "^3.17"
            },
            "devDependencies": {
                "typescript": "^3.9.5"
            }
        },
        "node_modules/@types/node": {
            "version": "14.18.18",
            "resolved": "https://registry.npmjs.org/@types/node/-/node-14.18.18.tgz",
            "integrity": "sha512-B9EoJFjhqcQ9OmQrNorItO+OwEOORNn3S31WuiHvZY/dm9ajkB7AKD/8toessEtHHNL+58jofbq7hMMY9v4yig=="
        },
        "node_modules/inflect": {
            "version": "0.4.1",
            "resolved": "https://registry.npmjs.org/inflect/-/inflect-0.4.1.tgz",
            "integrity": "sha512-l/tds1Xe6utGBWaCE6sPffj5tZLLl3lcHV4lCGjpdqT6BPu6naE7AOdXLU7D23FcTcd/mov3eV/VyO94+Joplg==",
            "engines": {
                "node": ">=10.19.0"
            }
        },
        "node_modules/lodash": {
            "version": "4.17.21",
            "resolved": "https://registry.npmjs.org/lodash/-/lodash-4.17.21.tgz",
            "integrity": "sha512-v2kDEe57lecTulaDIuNTPy3Ry4gLGJ6Z1O3vE1krgXZNrsQ+LFTGHVxVjcXPs17LhbZVGedAJv8XZ1tvj5FvSg=="
        },
        "node_modules/lodash-es": {
            "version": "4.17.21",
            "resolved": "https://registry.npmjs.org/lodash-es/-/lodash-es-4.17.21.tgz",
            "integrity": "sha512-mKnC+QJ9pWVzv+C4/U3rRsHapFfHvQFoFB92e52xeyGMcX6/OlIl78je1u8vePzYZSkkogMPJ2yjxxsb89cxyw=="
        },
        "node_modules/tslib": {
            "version": "1.14.1",
            "resolved": "https://registry.npmjs.org/tslib/-/tslib-1.14.1.tgz",
            "integrity": "sha512-Xni35NKzjgMrwevysHTCArtLDpPvye8zV/0E4EyYn43P7/7qvQwPh9BGkHewbMulVntbigmcT7rdX3BNo9wRJg=="
        },
        "node_modules/typescript": {
            "version": "3.9.10",
            "resolved": "https://registry.npmjs.org/typescript/-/typescript-3.9.10.tgz",
            "integrity": "sha512-w6fIxVE/H1PkLKcCPsFqKE7Kv7QUwhU8qQY2MueZXWx5cPZdwFupLgKK3vntcK98BtNHZtAF4LA/yl2a7k8R6Q==",
            "bin": {
                "tsc": "bin/tsc",
                "tsserver": "bin/tsserver"
            },
            "engines": {
                "node": ">=4.2.0"
            }
        },
        "node_modules/typescript-parser": {
            "version": "2.6.1",
            "resolved": "https://registry.npmjs.org/typescript-parser/-/typescript-parser-2.6.1.tgz",
            "integrity": "sha512-p4ZC10pu67KO8+WJALsJWhbAq4pRBIcP+ls8Bhl+V8KvzYQDwxw/P5hJhn3rBdLnfS5aGLflfh7WiZpN6yi+5g==",
            "dependencies": {
                "lodash": "^4.17.10",
                "lodash-es": "^4.17.10",
                "tslib": "^1.9.3",
                "typescript": "^3.0.3"
            }
        },
        "node_modules/vscode-jsonrpc": {
            "version": "8.0.1",
            "resolved": "https://registry.npmjs.org/vscode-jsonrpc/-/vscode-jsonrpc-8.0.1.tgz",
            "integrity": "sha512-N/WKvghIajmEvXpatSzvTvOIz61ZSmOSa4BRA4pTLi+1+jozquQKP/MkaylP9iB68k73Oua1feLQvH3xQuigiQ==",
            "engines": {
                "node": ">=14.0.0"
            }
        },
        "node_modules/vscode-languageserver-protocol": {
            "version": "3.17.1",
            "resolved": "https://registry.npmjs.org/vscode-languageserver-protocol/-/vscode-languageserver-protocol-3.17.1.tgz",
            "integrity": "sha512-BNlAYgQoYwlSgDLJhSG+DeA8G1JyECqRzM2YO6tMmMji3Ad9Mw6AW7vnZMti90qlAKb0LqAlJfSVGEdqMMNzKg==",
            "dependencies": {
                "vscode-jsonrpc": "8.0.1",
                "vscode-languageserver-types": "3.17.1"
            }
        },
        "node_modules/vscode-languageserver-types": {
            "version": "3.17.1",
            "resolved": "https://registry.npmjs.org/vscode-languageserver-types/-/vscode-languageserver-types-3.17.1.tgz",
            "integrity": "sha512-K3HqVRPElLZVVPtMeKlsyL9aK0GxGQpvtAUTfX4k7+iJ4mc1M+JM+zQwkgGy2LzY0f0IAafe8MKqIkJrxfGGjQ=="
        }
    },
    "dependencies": {
        "@types/node": {
            "version": "14.18.18",
            "resolved": "https://registry.npmjs.org/@types/node/-/node-14.18.18.tgz",
            "integrity": "sha512-B9EoJFjhqcQ9OmQrNorItO+OwEOORNn3S31WuiHvZY/dm9ajkB7AKD/8toessEtHHNL+58jofbq7hMMY9v4yig=="
        },
        "inflect": {
            "version": "0.4.1",
            "resolved": "https://registry.npmjs.org/inflect/-/inflect-0.4.1.tgz",
            "integrity": "sha512-l/tds1Xe6utGBWaCE6sPffj5tZLLl3lcHV4lCGjpdqT6BPu6naE7AOdXLU7D23FcTcd/mov3eV/VyO94+Joplg=="
        },
        "lodash": {
            "version": "4.17.21",
            "resolved": "https://registry.npmjs.org/lodash/-/lodash-4.17.21.tgz",
            "integrity": "sha512-v2kDEe57lecTulaDIuNTPy3Ry4gLGJ6Z1O3vE1krgXZNrsQ+LFTGHVxVjcXPs17LhbZVGedAJv8XZ1tvj5FvSg=="
        },
        "lodash-es": {
            "version": "4.17.21",
            "resolved": "https://registry.npmjs.org/lodash-es/-/lodash-es-4.17.21.tgz",
            "integrity": "sha512-mKnC+QJ9pWVzv+C4/U3rRsHapFfHvQFoFB92e52xeyGMcX6/OlIl78je1u8vePzYZSkkogMPJ2yjxxsb89cxyw=="
        },
        "tslib": {
            "version": "1.14.1",
            "resolved": "https://registry.npmjs.org/tslib/-/tslib-1.14.1.tgz",
            "integrity": "sha512-Xni35NKzjgMrwevysHTCArtLDpPvye8zV/0E4EyYn43P7/7qvQwPh9BGkHewbMulVntbigmcT7rdX3BNo9wRJg=="
        },
        "typescript": {
            "version": "3.9.10",
            "resolved": "https://registry.npmjs.org/typescript/-/typescript-3.9.10.tgz",
            "integrity": "sha512-w6fIxVE/H1PkLKcCPsFqKE7Kv7QUwhU8qQY2MueZXWx5cPZdwFupLgKK3vntcK98BtNHZtAF4LA/yl2a7k8R6Q=="
        },
        "typescript-parser": {
            "version": "2.6.1",
            "resolved": "https://registry.npmjs.org/typescript-parser/-/typescript-parser-2.6.1.tgz",
            "integrity": "sha512-p4ZC10pu67KO8+WJALsJWhbAq4pRBIcP+ls8Bhl+V8KvzYQDwxw/P5hJhn3rBdLnfS5aGLflfh7WiZpN6yi+5g==",
            "requires": {
                "lodash": "^4.17.10",
                "lodash-es": "^4.17.10",
                "tslib": "^1.9.3",
                "typescript": "^3.0.3"
            }
        },
        "vscode-jsonrpc": {
            "version": "8.0.1",
            "resolved": "https://registry.npmjs.org/vscode-jsonrpc/-/vscode-jsonrpc-8.0.1.tgz",
            "integrity": "sha512-N/WKvghIajmEvXpatSzvTvOIz61ZSmOSa4BRA4pTLi+1+jozquQKP/MkaylP9iB68k73Oua1feLQvH3xQuigiQ=="
        },
        "vscode-languageserver-protocol": {
            "version": "3.17.1",
            "resolved": "https://registry.npmjs.org/vscode-languageserver-protocol/-/vscode-languageserver-protocol-3.17.1.tgz",
            "integrity": "sha512-BNlAYgQoYwlSgDLJhSG+DeA8G1JyECqRzM2YO6tMmMji3Ad9Mw6AW7vnZMti90qlAKb0LqAlJfSVGEdqMMNzKg==",
            "requires": {
                "vscode-jsonrpc": "8.0.1",
                "vscode-languageserver-types": "3.17.1"
            }
        },
        "vscode-languageserver-types": {
            "version": "3.17.1",
            "resolved": "https://registry.npmjs.org/vscode-languageserver-types/-/vscode-languageserver-types-3.17.1.tgz",
            "integrity": "sha512-K3HqVRPElLZVVPtMeKlsyL9aK0GxGQpvtAUTfX4k7+iJ4mc1M+JM+zQwkgGy2LzY0f0IAafe8MKqIkJrxfGGjQ=="
        }
    }
}
